
Microsoft Visual Studio Solution File, Format Version 12.00
# Visual Studio Version 16
VisualStudioVersion = 16.0.28803.452
MinimumVisualStudioVersion = 10.0.40219.1
Project("{2150E333-8FDC-42A3-9474-1A3956D46DE8}") = "Application", "Application", "{6036A4E3-DFDA-4043-B34D-0C9F6C31DD17}"
EndProject
Project("{2150E333-8FDC-42A3-9474-1A3956D46DE8}") = "UserControl", "UserControl", "{E6177882-150C-469A-B198-C9BA6BB23B7E}"
EndProject
Project("{FAE04EC0-301F-11D3-BF4B-00C04F79EFBC}") = "HeBianGu.Control.PropertyGrid", "..\..\Source\UserControl\HeBianGu.Control.PropertyGrid\HeBianGu.Control.PropertyGrid.csproj", "{5A332CC8-390F-4526-A13A-D6140878D135}"
EndProject
Project("{FAE04EC0-301F-11D3-BF4B-00C04F79EFBC}") = "CodeAutoGenerationTool", "..\..\Source\Application\CodeAutoGenerationTool\CodeAutoGenerationTool.csproj", "{B8218CB1-C782-489A-863F-A2F27A0EE380}"
EndProject
Global
	GlobalSection(SolutionConfigurationPlatforms) = preSolution
		Debug|Any CPU = Debug|Any CPU
		Release|Any CPU = Release|Any CPU
	EndGlobalSection
	GlobalSection(ProjectConfigurationPlatforms) = postSolution
		{5A332CC8-390F-4526-A13A-D6140878D135}.Debug|Any CPU.ActiveCfg = Debug|Any CPU
		{5A332CC8-390F-4526-A13A-D6140878D135}.Debug|Any CPU.Build.0 = Debug|Any CPU
		{5A332CC8-390F-4526-A13A-D6140878D135}.Release|Any CPU.ActiveCfg = Release|Any CPU
		{5A332CC8-390F-4526-A13A-D6140878D135}.Release|Any CPU.Build.0 = Release|Any CPU
		{B8218CB1-C782-489A-863F-A2F27A0EE380}.Debug|Any CPU.ActiveCfg = Debug|Any CPU
		{B8218CB1-C782-489A-863F-A2F27A0EE380}.Debug|Any CPU.Build.0 = Debug|Any CPU
		{B8218CB1-C782-489A-863F-A2F27A0EE380}.Release|Any CPU.ActiveCfg = Release|Any CPU
		{B8218CB1-C782-489A-863F-A2F27A0EE380}.Release|Any CPU.Build.0 = Release|Any CPU
	EndGlobalSection
	GlobalSection(SolutionProperties) = preSolution
		HideSolutionNode = FALSE
	EndGlobalSection
	GlobalSection(NestedProjects) = preSolution
		{5A332CC8-390F-4526-A13A-D6140878D135} = {E6177882-150C-469A-B198-C9BA6BB23B7E}
		{B8218CB1-C782-489A-863F-A2F27A0EE380} = {6036A4E3-DFDA-4043-B34D-0C9F6C31DD17}
	EndGlobalSection
	GlobalSection(ExtensibilityGlobals) = postSolution
		SolutionGuid = {565BF58B-65C0-4BF5-B5BB-5EFEE99F6DD5}
	EndGlobalSection
EndGlobal
